
Microsoft Visual Studio Solution File, Format Version 12.00
# Visual Studio 15
VisualStudioVersion = 15.0.28307.329
MinimumVisualStudioVersion = 10.0.40219.1
Project("{8BC9CEB8-8B4A-11D0-8D11-00A0C91BC942}") = "Morphological_Image_Processing", "Morphological_Image_Processing\Morphological_Image_Processing.vcxproj", "{18445173-B284-43E5-924C-0A79B9D2F72F}"
EndProject
Global
	GlobalSection(SolutionConfigurationPlatforms) = preSolution
		Debug|x64 = Debug|x64
		Release|x64 = Release|x64
	EndGlobalSection
	GlobalSection(ProjectConfigurationPlatforms) = postSolution
		{18445173-B284-43E5-924C-0A79B9D2F72F}.Debug|x64.ActiveCfg = Debug|x64
		{18445173-B284-43E5-924C-0A79B9D2F72F}.Debug|x64.Build.0 = Debug|x64
		{18445173-B284-43E5-924C-0A79B9D2F72F}.Release|x64.ActiveCfg = Release|x64
		{18445173-B284-43E5-924C-0A79B9D2F72F}.Release|x64.Build.0 = Release|x64
	EndGlobalSection
	GlobalSection(SolutionProperties) = preSolution
		HideSolutionNode = FALSE
	EndGlobalSection
	GlobalSection(ExtensibilityGlobals) = postSolution
		SolutionGuid = {F2CA57C4-527E-4B60-A1F7-2DA2C0CE748F}
	EndGlobalSection
EndGlobal
